
Microsoft Visual Studio Solution File, Format Version 12.00
# Visual Studio 15
VisualStudioVersion = 15.0.27428.2015
MinimumVisualStudioVersion = 10.0.40219.1
Project("{9A19103F-16F7-4668-BE54-9A1E7A4F7556}") = "NetworkFrameworkX.Server.Core", "NetworkFrameworkX.Server.Core\NetworkFrameworkX.Server.Core.csproj", "{7B55594A-1F10-41CF-9D71-E6B83950D56B}"
EndProject
Project("{D954291E-2A0B-460D-934E-DC6B0785DB48}") = "NetworkFrameworkX.Share.Core", "NetworkFrameworkX.Share.Core\NetworkFrameworkX.Share.Core.shproj", "{EB2ADB54-A049-4569-A66B-A06D21CFBAC4}"
EndProject
Project("{D954291E-2A0B-460D-934E-DC6B0785DB48}") = "NetworkFrameworkX.Share", "NetworkFrameworkX.Share\NetworkFrameworkX.Share.shproj", "{5D94DC7B-C6BB-42AC-8B93-4BBD37BD49C0}"
EndProject
Project("{9A19103F-16F7-4668-BE54-9A1E7A4F7556}") = "NetworkFrameworkX.Interface", "NetworkFrameworkX.Interface\NetworkFrameworkX.Interface.csproj", "{2D89C9F9-E719-4DEA-860D-92870ECA412A}"
EndProject
Project("{9A19103F-16F7-4668-BE54-9A1E7A4F7556}") = "NetworkFrameworkX.Server.Console", "NetworkFrameworkX.Server.Console\NetworkFrameworkX.Server.Console.csproj", "{A406228A-AB4C-4D63-9576-32035D095F2B}"
EndProject
Project("{9A19103F-16F7-4668-BE54-9A1E7A4F7556}") = "NetworkFrameworkX.Client.Core", "NetworkFrameworkX.Client.Core\NetworkFrameworkX.Client.Core.csproj", "{7B60B7F3-472C-4D4D-B166-9EF37157BE8A}"
EndProject
Project("{FAE04EC0-301F-11D3-BF4B-00C04F79EFBC}") = "NetworkFrameworkX.Server.Console.Interactive", "NetworkFrameworkX.Server.Console\NetworkFrameworkX.Server.Console.Interactive.csproj", "{1C86AFC1-67A8-4987-9B47-F96BD684522D}"
EndProject
Project("{FAE04EC0-301F-11D3-BF4B-00C04F79EFBC}") = "NetworkFrameworkX.Client.WinForm", "NetworkFrameworkX.Client.WinForm\NetworkFrameworkX.Client.WinForm.csproj", "{77CA2BA9-7C6A-42A2-B686-E8CC1F0BDF9F}"
EndProject
Project("{FAE04EC0-301F-11D3-BF4B-00C04F79EFBC}") = "UnitTestProject", "UnitTestProject\UnitTestProject.csproj", "{750DE692-6B92-4D95-A910-F7532EFDB224}"
EndProject
Global
	GlobalSection(SharedMSBuildProjectFiles) = preSolution
		NetworkFrameworkX.Share\NetworkFrameworkX.Share.projitems*{1c86afc1-67a8-4987-9b47-f96bd684522d}*SharedItemsImports = 4
		NetworkFrameworkX.Share\NetworkFrameworkX.Share.projitems*{5d94dc7b-c6bb-42ac-8b93-4bbd37bd49c0}*SharedItemsImports = 13
		NetworkFrameworkX.Share\NetworkFrameworkX.Share.projitems*{77ca2ba9-7c6a-42a2-b686-e8cc1f0bdf9f}*SharedItemsImports = 4
		NetworkFrameworkX.Share.Core\NetworkFrameworkX.Share.Core.projitems*{eb2adb54-a049-4569-a66b-a06d21cfbac4}*SharedItemsImports = 13
	EndGlobalSection
	GlobalSection(SolutionConfigurationPlatforms) = preSolution
		Debug|Any CPU = Debug|Any CPU
		Release|Any CPU = Release|Any CPU
	EndGlobalSection
	GlobalSection(ProjectConfigurationPlatforms) = postSolution
		{7B55594A-1F10-41CF-9D71-E6B83950D56B}.Debug|Any CPU.ActiveCfg = Debug|Any CPU
		{7B55594A-1F10-41CF-9D71-E6B83950D56B}.Debug|Any CPU.Build.0 = Debug|Any CPU
		{7B55594A-1F10-41CF-9D71-E6B83950D56B}.Release|Any CPU.ActiveCfg = Release|Any CPU
		{7B55594A-1F10-41CF-9D71-E6B83950D56B}.Release|Any CPU.Build.0 = Release|Any CPU
		{2D89C9F9-E719-4DEA-860D-92870ECA412A}.Debug|Any CPU.ActiveCfg = Debug|Any CPU
		{2D89C9F9-E719-4DEA-860D-92870ECA412A}.Debug|Any CPU.Build.0 = Debug|Any CPU
		{2D89C9F9-E719-4DEA-860D-92870ECA412A}.Release|Any CPU.ActiveCfg = Release|Any CPU
		{2D89C9F9-E719-4DEA-860D-92870ECA412A}.Release|Any CPU.Build.0 = Release|Any CPU
		{A406228A-AB4C-4D63-9576-32035D095F2B}.Debug|Any CPU.ActiveCfg = Debug|Any CPU
		{A406228A-AB4C-4D63-9576-32035D095F2B}.Debug|Any CPU.Build.0 = Debug|Any CPU
		{A406228A-AB4C-4D63-9576-32035D095F2B}.Release|Any CPU.ActiveCfg = Release|Any CPU
		{A406228A-AB4C-4D63-9576-32035D095F2B}.Release|Any CPU.Build.0 = Release|Any CPU
		{7B60B7F3-472C-4D4D-B166-9EF37157BE8A}.Debug|Any CPU.ActiveCfg = Debug|Any CPU
		{7B60B7F3-472C-4D4D-B166-9EF37157BE8A}.Debug|Any CPU.Build.0 = Debug|Any CPU
		{7B60B7F3-472C-4D4D-B166-9EF37157BE8A}.Release|Any CPU.ActiveCfg = Release|Any CPU
		{7B60B7F3-472C-4D4D-B166-9EF37157BE8A}.Release|Any CPU.Build.0 = Release|Any CPU
		{1C86AFC1-67A8-4987-9B47-F96BD684522D}.Debug|Any CPU.ActiveCfg = Debug|Any CPU
		{1C86AFC1-67A8-4987-9B47-F96BD684522D}.Debug|Any CPU.Build.0 = Debug|Any CPU
		{1C86AFC1-67A8-4987-9B47-F96BD684522D}.Release|Any CPU.ActiveCfg = Release|Any CPU
		{1C86AFC1-67A8-4987-9B47-F96BD684522D}.Release|Any CPU.Build.0 = Release|Any CPU
		{77CA2BA9-7C6A-42A2-B686-E8CC1F0BDF9F}.Debug|Any CPU.ActiveCfg = Debug|Any CPU
		{77CA2BA9-7C6A-42A2-B686-E8CC1F0BDF9F}.Debug|Any CPU.Build.0 = Debug|Any CPU
		{77CA2BA9-7C6A-42A2-B686-E8CC1F0BDF9F}.Release|Any CPU.ActiveCfg = Release|Any CPU
		{77CA2BA9-7C6A-42A2-B686-E8CC1F0BDF9F}.Release|Any CPU.Build.0 = Release|Any CPU
		{750DE692-6B92-4D95-A910-F7532EFDB224}.Debug|Any CPU.ActiveCfg = Debug|Any CPU
		{750DE692-6B92-4D95-A910-F7532EFDB224}.Debug|Any CPU.Build.0 = Debug|Any CPU
		{750DE692-6B92-4D95-A910-F7532EFDB224}.Release|Any CPU.ActiveCfg = Release|Any CPU
		{750DE692-6B92-4D95-A910-F7532EFDB224}.Release|Any CPU.Build.0 = Release|Any CPU
	EndGlobalSection
	GlobalSection(SolutionProperties) = preSolution
		HideSolutionNode = FALSE
	EndGlobalSection
	GlobalSection(ExtensibilityGlobals) = postSolution
		SolutionGuid = {12CE26C8-986C-4422-9FF0-C2E21987632C}
	EndGlobalSection
EndGlobal
